
Microsoft Visual Studio Solution File, Format Version 12.00
# Visual Studio Version 16
VisualStudioVersion = 16.0.31702.278
MinimumVisualStudioVersion = 10.0.40219.1
Project("{FAE04EC0-301F-11D3-BF4B-00C04F79EFBC}") = "oop", "oop\oop.csproj", "{A84FF354-5C86-4E2E-8F6F-BBE22CF23A8B}"
EndProject
Global
	GlobalSection(SolutionConfigurationPlatforms) = preSolution
		Debug|Any CPU = Debug|Any CPU
		Release|Any CPU = Release|Any CPU
	EndGlobalSection
	GlobalSection(ProjectConfigurationPlatforms) = postSolution
		{A84FF354-5C86-4E2E-8F6F-BBE22CF23A8B}.Debug|Any CPU.ActiveCfg = Debug|Any CPU
		{A84FF354-5C86-4E2E-8F6F-BBE22CF23A8B}.Debug|Any CPU.Build.0 = Debug|Any CPU
		{A84FF354-5C86-4E2E-8F6F-BBE22CF23A8B}.Release|Any CPU.ActiveCfg = Release|Any CPU
		{A84FF354-5C86-4E2E-8F6F-BBE22CF23A8B}.Release|Any CPU.Build.0 = Release|Any CPU
	EndGlobalSection
	GlobalSection(SolutionProperties) = preSolution
		HideSolutionNode = FALSE
	EndGlobalSection
	GlobalSection(ExtensibilityGlobals) = postSolution
		SolutionGuid = {874E8C53-4FB9-44B5-A55F-130BA63EEF64}
	EndGlobalSection
EndGlobal
